
Microsoft Visual Studio Solution File, Format Version 12.00
# Visual Studio Version 17
VisualStudioVersion = 17.2.32505.173
MinimumVisualStudioVersion = 10.0.40219.1
Project("{FAE04EC0-301F-11D3-BF4B-00C04F79EFBC}") = "WpfExample", "WpfExample.csproj", "{161F95E1-BAC3-4379-9B00-96908AA3B13B}"
EndProject
Global
	GlobalSection(SolutionConfigurationPlatforms) = preSolution
		Debug|Any CPU = Debug|Any CPU
		Release|Any CPU = Release|Any CPU
	EndGlobalSection
	GlobalSection(ProjectConfigurationPlatforms) = postSolution
		{161F95E1-BAC3-4379-9B00-96908AA3B13B}.Debug|Any CPU.ActiveCfg = Debug|Any CPU
		{161F95E1-BAC3-4379-9B00-96908AA3B13B}.Debug|Any CPU.Build.0 = Debug|Any CPU
		{161F95E1-BAC3-4379-9B00-96908AA3B13B}.Release|Any CPU.ActiveCfg = Release|Any CPU
		{161F95E1-BAC3-4379-9B00-96908AA3B13B}.Release|Any CPU.Build.0 = Release|Any CPU
	EndGlobalSection
	GlobalSection(SolutionProperties) = preSolution
		HideSolutionNode = FALSE
	EndGlobalSection
	GlobalSection(ExtensibilityGlobals) = postSolution
		SolutionGuid = {6703CA7E-775F-41A9-9619-F32B68DBCAD4}
	EndGlobalSection
EndGlobal
